// !$*UTF8*$!
{
	archiveVersion = 1;
	classes = {
	};
	objectVersion = 56;
	objects = {

/* Begin PBXBuildFile section */
		D2E7B6DC2B95759500D2AFCD /* SwiftTodoapp02App.swift in Sources */ = {isa = PBXBuildFile; fileRef = D2E7B6DB2B95759500D2AFCD /* SwiftTodoapp02App.swift */; };
		D2E7B6DE2B95759500D2AFCD /* ContentView.swift in Sources */ = {isa = PBXBuildFile; fileRef = D2E7B6DD2B95759500D2AFCD /* ContentView.swift */; };
		D2E7B6E02B95759800D2AFCD /* Assets.xcassets in Resources */ = {isa = PBXBuildFile; fileRef = D2E7B6DF2B95759800D2AFCD /* Assets.xcassets */; };
		D2E7B6E32B95759800D2AFCD /* Preview Assets.xcassets in Resources */ = {isa = PBXBuildFile; fileRef = D2E7B6E22B95759800D2AFCD /* Preview Assets.xcassets */; };
		D2E7B6ED2B95759800D2AFCD /* SwiftTodoapp02Tests.swift in Sources */ = {isa = PBXBuildFile; fileRef = D2E7B6EC2B95759800D2AFCD /* SwiftTodoapp02Tests.swift */; };
		D2E7B6F72B95759800D2AFCD /* SwiftTodoapp02UITests.swift in Sources */ = {isa = PBXBuildFile; fileRef = D2E7B6F62B95759800D2AFCD /* SwiftTodoapp02UITests.swift */; };
		D2E7B6F92B95759800D2AFCD /* SwiftTodoapp02UITestsLaunchTests.swift in Sources */ = {isa = PBXBuildFile; fileRef = D2E7B6F82B95759800D2AFCD /* SwiftTodoapp02UITestsLaunchTests.swift */; };
		D2E7B7062B9576F800D2AFCD /* .gitignore in Resources */ = {isa = PBXBuildFile; fileRef = D2E7B7052B9576F800D2AFCD /* .gitignore */; };
/* End PBXBuildFile section */

/* Begin PBXContainerItemProxy section */
		D2E7B6E92B95759800D2AFCD /* PBXContainerItemProxy */ = {
			isa = PBXContainerItemProxy;
			containerPortal = D2E7B6D02B95759500D2AFCD /* Project object */;
			proxyType = 1;
			remoteGlobalIDString = D2E7B6D72B95759500D2AFCD;
			remoteInfo = SwiftTodoapp02;
		};
		D2E7B6F32B95759800D2AFCD /* PBXContainerItemProxy */ = {
			isa = PBXContainerItemProxy;
			containerPortal = D2E7B6D02B95759500D2AFCD /* Project object */;
			proxyType = 1;
			remoteGlobalIDString = D2E7B6D72B95759500D2AFCD;
			remoteInfo = SwiftTodoapp02;
		};
/* End PBXContainerItemProxy section */

/* Begin PBXFileReference section */
		D2E7B6D82B95759500D2AFCD /* SwiftTodoapp02.app */ = {isa = PBXFileReference; explicitFileType = wrapper.application; includeInIndex = 0; path = SwiftTodoapp02.app; sourceTree = BUILT_PRODUCTS_DIR; };
		D2E7B6DB2B95759500D2AFCD /* SwiftTodoapp02App.swift */ = {isa = PBXFileReference; lastKnownFileType = sourcecode.swift; path = SwiftTodoapp02App.swift; sourceTree = "<group>"; };
		D2E7B6DD2B95759500D2AFCD /* ContentView.swift */ = {isa = PBXFileReference; lastKnownFileType = sourcecode.swift; path = ContentView.swift; sourceTree = "<group>"; };
		D2E7B6DF2B95759800D2AFCD /* Assets.xcassets */ = {isa = PBXFileReference; lastKnownFileType = folder.assetcatalog; path = Assets.xcassets; sourceTree = "<group>"; };
		D2E7B6E22B95759800D2AFCD /* Preview Assets.xcassets */ = {isa = PBXFileReference; lastKnownFileType = folder.assetcatalog; path = "Preview Assets.xcassets"; sourceTree = "<group>"; };
		D2E7B6E82B95759800D2AFCD /* SwiftTodoapp02Tests.xctest */ = {isa = PBXFileReference; explicitFileType = wrapper.cfbundle; includeInIndex = 0; path = SwiftTodoapp02Tests.xctest; sourceTree = BUILT_PRODUCTS_DIR; };
		D2E7B6EC2B95759800D2AFCD /* SwiftTodoapp02Tests.swift */ = {isa = PBXFileReference; lastKnownFileType = sourcecode.swift; path = SwiftTodoapp02Tests.swift; sourceTree = "<group>"; };
		D2E7B6F22B95759800D2AFCD /* SwiftTodoapp02UITests.xctest */ = {isa = PBXFileReference; explicitFileType = wrapper.cfbundle; includeInIndex = 0; path = SwiftTodoapp02UITests.xctest; sourceTree = BUILT_PRODUCTS_DIR; };
		D2E7B6F62B95759800D2AFCD /* SwiftTodoapp02UITests.swift */ = {isa = PBXFileReference; lastKnownFileType = sourcecode.swift; path = SwiftTodoapp02UITests.swift; sourceTree = "<group>"; };
		D2E7B6F82B95759800D2AFCD /* SwiftTodoapp02UITestsLaunchTests.swift */ = {isa = PBXFileReference; lastKnownFileType = sourcecode.swift; path = SwiftTodoapp02UITestsLaunchTests.swift; sourceTree = "<group>"; };
		D2E7B7052B9576F800D2AFCD /* .gitignore */ = {isa = PBXFileReference; lastKnownFileType = text; path = .gitignore; sourceTree = "<group>"; };
/* End PBXFileReference section */

/* Begin PBXFrameworksBuildPhase section */
		D2E7B6D52B95759500D2AFCD /* Frameworks */ = {
			isa = PBXFrameworksBuildPhase;
			buildActionMask = 2147483647;
			files = (
			);
			runOnlyForDeploymentPostprocessing = 0;
		};
		D2E7B6E52B95759800D2AFCD /* Frameworks */ = {
			isa = PBXFrameworksBuildPhase;
			buildActionMask = 2147483647;
			files = (
			);
			runOnlyForDeploymentPostprocessing = 0;
		};
		D2E7B6EF2B95759800D2AFCD /* Frameworks */ = {
			isa = PBXFrameworksBuildPhase;
			buildActionMask = 2147483647;
			files = (
			);
			runOnlyForDeploymentPostprocessing = 0;
		};
/* End PBXFrameworksBuildPhase section */

/* Begin PBXGroup section */
		D2E7B6CF2B95759500D2AFCD = {
			isa = PBXGroup;
			children = (
				D2E7B7052B9576F800D2AFCD /* .gitignore */,
				D2E7B6DA2B95759500D2AFCD /* SwiftTodoapp02 */,
				D2E7B6EB2B95759800D2AFCD /* SwiftTodoapp02Tests */,
				D2E7B6F52B95759800D2AFCD /* SwiftTodoapp02UITests */,
				D2E7B6D92B95759500D2AFCD /* Products */,
			);
			sourceTree = "<group>";
		};
		D2E7B6D92B95759500D2AFCD /* Products */ = {
			isa = PBXGroup;
			children = (
				D2E7B6D82B95759500D2AFCD /* SwiftTodoapp02.app */,
				D2E7B6E82B95759800D2AFCD /* SwiftTodoapp02Tests.xctest */,
				D2E7B6F22B95759800D2AFCD /* SwiftTodoapp02UITests.xctest */,
			);
			name = Products;
			sourceTree = "<group>";
		};
		D2E7B6DA2B95759500D2AFCD /* SwiftTodoapp02 */ = {
			isa = PBXGroup;
			children = (
				D2E7B6DB2B95759500D2AFCD /* SwiftTodoapp02App.swift */,
				D2E7B6DD2B95759500D2AFCD /* ContentView.swift */,
				D2E7B6DF2B95759800D2AFCD /* Assets.xcassets */,
				D2E7B6E12B95759800D2AFCD /* Preview Content */,
			);
			path = SwiftTodoapp02;
			sourceTree = "<group>";
		};
		D2E7B6E12B95759800D2AFCD /* Preview Content */ = {
			isa = PBXGroup;
			children = (
				D2E7B6E22B95759800D2AFCD /* Preview Assets.xcassets */,
			);
			path = "Preview Content";
			sourceTree = "<group>";
		};
		D2E7B6EB2B95759800D2AFCD /* SwiftTodoapp02Tests */ = {
			isa = PBXGroup;
			children = (
				D2E7B6EC2B95759800D2AFCD /* SwiftTodoapp02Tests.swift */,
			);
			path = SwiftTodoapp02Tests;
			sourceTree = "<group>";
		};
		D2E7B6F52B95759800D2AFCD /* SwiftTodoapp02UITests */ = {
			isa = PBXGroup;
			children = (
				D2E7B6F62B95759800D2AFCD /* SwiftTodoapp02UITests.swift */,
				D2E7B6F82B95759800D2AFCD /* SwiftTodoapp02UITestsLaunchTests.swift */,
			);
			path = SwiftTodoapp02UITests;
			sourceTree = "<group>";
		};
/* End PBXGroup section */

/* Begin PBXNativeTarget section */
		D2E7B6D72B95759500D2AFCD /* SwiftTodoapp02 */ = {
			isa = PBXNativeTarget;
			buildConfigurationList = D2E7B6FC2B95759800D2AFCD /* Build configuration list for PBXNativeTarget "SwiftTodoapp02" */;
			buildPhases = (
				D2E7B6D42B95759500D2AFCD /* Sources */,
				D2E7B6D52B95759500D2AFCD /* Frameworks */,
				D2E7B6D62B95759500D2AFCD /* Resources */,
			);
			buildRules = (
			);
			dependencies = (
			);
			name = SwiftTodoapp02;
			productName = SwiftTodoapp02;
			productReference = D2E7B6D82B95759500D2AFCD /* SwiftTodoapp02.app */;
			productType = "com.apple.product-type.application";
		};
		D2E7B6E72B95759800D2AFCD /* SwiftTodoapp02Tests */ = {
			isa = PBXNativeTarget;
			buildConfigurationList = D2E7B6FF2B95759800D2AFCD /* Build configuration list for PBXNativeTarget "SwiftTodoapp02Tests" */;
			buildPhases = (
				D2E7B6E42B95759800D2AFCD /* Sources */,
				D2E7B6E52B95759800D2AFCD /* Frameworks */,
				D2E7B6E62B95759800D2AFCD /* Resources */,
			);
			buildRules = (
			);
			dependencies = (
				D2E7B6EA2B95759800D2AFCD /* PBXTargetDependency */,
			);
			name = SwiftTodoapp02Tests;
			productName = SwiftTodoapp02Tests;
			productReference = D2E7B6E82B95759800D2AFCD /* SwiftTodoapp02Tests.xctest */;
			productType = "com.apple.product-type.bundle.unit-test";
		};
		D2E7B6F12B95759800D2AFCD /* SwiftTodoapp02UITests */ = {
			isa = PBXNativeTarget;
			buildConfigurationList = D2E7B7022B95759800D2AFCD /* Build configuration list for PBXNativeTarget "SwiftTodoapp02UITests" */;
			buildPhases = (
				D2E7B6EE2B95759800D2AFCD /* Sources */,
				D2E7B6EF2B95759800D2AFCD /* Frameworks */,
				D2E7B6F02B95759800D2AFCD /* Resources */,
			);
			buildRules = (
			);
			dependencies = (
				D2E7B6F42B95759800D2AFCD /* PBXTargetDependency */,
			);
			name = SwiftTodoapp02UITests;
			productName = SwiftTodoapp02UITests;
			productReference = D2E7B6F22B95759800D2AFCD /* SwiftTodoapp02UITests.xctest */;
			productType = "com.apple.product-type.bundle.ui-testing";
		};
/* End PBXNativeTarget section */

/* Begin PBXProject section */
		D2E7B6D02B95759500D2AFCD /* Project object */ = {
			isa = PBXProject;
			attributes = {
				BuildIndependentTargetsInParallel = 1;
				LastSwiftUpdateCheck = 1520;
				LastUpgradeCheck = 1520;
				TargetAttributes = {
					D2E7B6D72B95759500D2AFCD = {
						CreatedOnToolsVersion = 15.2;
					};
					D2E7B6E72B95759800D2AFCD = {
						CreatedOnToolsVersion = 15.2;
						TestTargetID = D2E7B6D72B95759500D2AFCD;
					};
					D2E7B6F12B95759800D2AFCD = {
						CreatedOnToolsVersion = 15.2;
						TestTargetID = D2E7B6D72B95759500D2AFCD;
					};
				};
			};
			buildConfigurationList = D2E7B6D32B95759500D2AFCD /* Build configuration list for PBXProject "SwiftTodoapp02" */;
			compatibilityVersion = "Xcode 14.0";
			developmentRegion = en;
			hasScannedForEncodings = 0;
			knownRegions = (
				en,
				Base,
			);
			mainGroup = D2E7B6CF2B95759500D2AFCD;
			productRefGroup = D2E7B6D92B95759500D2AFCD /* Products */;
			projectDirPath = "";
			projectRoot = "";
			targets = (
				D2E7B6D72B95759500D2AFCD /* SwiftTodoapp02 */,
				D2E7B6E72B95759800D2AFCD /* SwiftTodoapp02Tests */,
				D2E7B6F12B95759800D2AFCD /* SwiftTodoapp02UITests */,
			);
		};
/* End PBXProject section */

/* Begin PBXResourcesBuildPhase section */
		D2E7B6D62B95759500D2AFCD /* Resources */ = {
			isa = PBXResourcesBuildPhase;
			buildActionMask = 2147483647;
			files = (
				D2E7B6E32B95759800D2AFCD /* Preview Assets.xcassets in Resources */,
				D2E7B7062B9576F800D2AFCD /* .gitignore in Resources */,
				D2E7B6E02B95759800D2AFCD /* Assets.xcassets in Resources */,
			);
			runOnlyForDeploymentPostprocessing = 0;
		};
		D2E7B6E62B95759800D2AFCD /* Resources */ = {
			isa = PBXResourcesBuildPhase;
			buildActionMask = 2147483647;
			files = (
			);
			runOnlyForDeploymentPostprocessing = 0;
		};
		D2E7B6F02B95759800D2AFCD /* Resources */ = {
			isa = PBXResourcesBuildPhase;
			buildActionMask = 2147483647;
			files = (
			);
			runOnlyForDeploymentPostprocessing = 0;
		};
/* End PBXResourcesBuildPhase section */

/* Begin PBXSourcesBuildPhase section */
		D2E7B6D42B95759500D2AFCD /* Sources */ = {
			isa = PBXSourcesBuildPhase;
			buildActionMask = 2147483647;
			files = (
				D2E7B6DE2B95759500D2AFCD /* ContentView.swift in Sources */,
				D2E7B6DC2B95759500D2AFCD /* SwiftTodoapp02App.swift in Sources */,
			);
			runOnlyForDeploymentPostprocessing = 0;
		};
		D2E7B6E42B95759800D2AFCD /* Sources */ = {
			isa = PBXSourcesBuildPhase;
			buildActionMask = 2147483647;
			files = (
				D2E7B6ED2B95759800D2AFCD /* SwiftTodoapp02Tests.swift in Sources */,
			);
			runOnlyForDeploymentPostprocessing = 0;
		};
		D2E7B6EE2B95759800D2AFCD /* Sources */ = {
			isa = PBXSourcesBuildPhase;
			buildActionMask = 2147483647;
			files = (
				D2E7B6F92B95759800D2AFCD /* SwiftTodoapp02UITestsLaunchTests.swift in Sources */,
				D2E7B6F72B95759800D2AFCD /* SwiftTodoapp02UITests.swift in Sources */,
			);
			runOnlyForDeploymentPostprocessing = 0;
		};
/* End PBXSourcesBuildPhase section */

/* Begin PBXTargetDependency section */
		D2E7B6EA2B95759800D2AFCD /* PBXTargetDependency */ = {
			isa = PBXTargetDependency;
			target = D2E7B6D72B95759500D2AFCD /* SwiftTodoapp02 */;
			targetProxy = D2E7B6E92B95759800D2AFCD /* PBXContainerItemProxy */;
		};
		D2E7B6F42B95759800D2AFCD /* PBXTargetDependency */ = {
			isa = PBXTargetDependency;
			target = D2E7B6D72B95759500D2AFCD /* SwiftTodoapp02 */;
			targetProxy = D2E7B6F32B95759800D2AFCD /* PBXContainerItemProxy */;
		};
/* End PBXTargetDependency section */

/* Begin XCBuildConfiguration section */
		D2E7B6FA2B95759800D2AFCD /* Debug */ = {
			isa = XCBuildConfiguration;
			buildSettings = {
				ALWAYS_SEARCH_USER_PATHS = NO;
				ASSETCATALOG_COMPILER_GENERATE_SWIFT_ASSET_SYMBOL_EXTENSIONS = YES;
				CLANG_ANALYZER_NONNULL = YES;
				CLANG_ANALYZER_NUMBER_OBJECT_CONVERSION = YES_AGGRESSIVE;
				CLANG_CXX_LANGUAGE_STANDARD = "gnu++20";
				CLANG_ENABLE_MODULES = YES;
				CLANG_ENABLE_OBJC_ARC = YES;
				CLANG_ENABLE_OBJC_WEAK = YES;
				CLANG_WARN_BLOCK_CAPTURE_AUTORELEASING = YES;
				CLANG_WARN_BOOL_CONVERSION = YES;
				CLANG_WARN_COMMA = YES;
				CLANG_WARN_CONSTANT_CONVERSION = YES;
				CLANG_WARN_DEPRECATED_OBJC_IMPLEMENTATIONS = YES;
				CLANG_WARN_DIRECT_OBJC_ISA_USAGE = YES_ERROR;
				CLANG_WARN_DOCUMENTATION_COMMENTS = YES;
				CLANG_WARN_EMPTY_BODY = YES;
				CLANG_WARN_ENUM_CONVERSION = YES;
				CLANG_WARN_INFINITE_RECURSION = YES;
				CLANG_WARN_INT_CONVERSION = YES;
				CLANG_WARN_NON_LITERAL_NULL_CONVERSION = YES;
				CLANG_WARN_OBJC_IMPLICIT_RETAIN_SELF = YES;
				CLANG_WARN_OBJC_LITERAL_CONVERSION = YES;
				CLANG_WARN_OBJC_ROOT_CLASS = YES_ERROR;
				CLANG_WARN_QUOTED_INCLUDE_IN_FRAMEWORK_HEADER = YES;
				CLANG_WARN_RANGE_LOOP_ANALYSIS = YES;
				CLANG_WARN_STRICT_PROTOTYPES = YES;
				CLANG_WARN_SUSPICIOUS_MOVE = YES;
				CLANG_WARN_UNGUARDED_AVAILABILITY = YES_AGGRESSIVE;
				CLANG_WARN_UNREACHABLE_CODE = YES;
				CLANG_WARN__DUPLICATE_METHOD_MATCH = YES;
				COPY_PHASE_STRIP = NO;
				DEBUG_INFORMATION_FORMAT = dwarf;
				ENABLE_STRICT_OBJC_MSGSEND = YES;
				ENABLE_TESTABILITY = YES;
				ENABLE_USER_SCRIPT_SANDBOXING = YES;
				GCC_C_LANGUAGE_STANDARD = gnu17;
				GCC_DYNAMIC_NO_PIC = NO;
				GCC_NO_COMMON_BLOCKS = YES;
				GCC_OPTIMIZATION_LEVEL = 0;
				GCC_PREPROCESSOR_DEFINITIONS = (
					"DEBUG=1",
					"$(inherited)",
				);
				GCC_WARN_64_TO_32_BIT_CONVERSION = YES;
				GCC_WARN_ABOUT_RETURN_TYPE = YES_ERROR;
				GCC_WARN_UNDECLARED_SELECTOR = YES;
				GCC_WARN_UNINITIALIZED_AUTOS = YES_AGGRESSIVE;
				GCC_WARN_UNUSED_FUNCTION = YES;
				GCC_WARN_UNUSED_VARIABLE = YES;
				IPHONEOS_DEPLOYMENT_TARGET = 17.2;
				LOCALIZATION_PREFERS_STRING_CATALOGS = YES;
				MTL_ENABLE_DEBUG_INFO = INCLUDE_SOURCE;
				MTL_FAST_MATH = YES;
				ONLY_ACTIVE_ARCH = YES;
				SDKROOT = iphoneos;
				SWIFT_ACTIVE_COMPILATION_CONDITIONS = "DEBUG $(inherited)";
				SWIFT_OPTIMIZATION_LEVEL = "-Onone";
			};
			name = Debug;
		};
		D2E7B6FB2B95759800D2AFCD /* Release */ = {
			isa = XCBuildConfiguration;
			buildSettings = {
				ALWAYS_SEARCH_USER_PATHS = NO;
				ASSETCATALOG_COMPILER_GENERATE_SWIFT_ASSET_SYMBOL_EXTENSIONS = YES;
				CLANG_ANALYZER_NONNULL = YES;
				CLANG_ANALYZER_NUMBER_OBJECT_CONVERSION = YES_AGGRESSIVE;
				CLANG_CXX_LANGUAGE_STANDARD = "gnu++20";
				CLANG_ENABLE_MODULES = YES;
				CLANG_ENABLE_OBJC_ARC = YES;
				CLANG_ENABLE_OBJC_WEAK = YES;
				CLANG_WARN_BLOCK_CAPTURE_AUTORELEASING = YES;
				CLANG_WARN_BOOL_CONVERSION = YES;
				CLANG_WARN_COMMA = YES;
				CLANG_WARN_CONSTANT_CONVERSION = YES;
				CLANG_WARN_DEPRECATED_OBJC_IMPLEMENTATIONS = YES;
				CLANG_WARN_DIRECT_OBJC_ISA_USAGE = YES_ERROR;
				CLANG_WARN_DOCUMENTATION_COMMENTS = YES;
				CLANG_WARN_EMPTY_BODY = YES;
				CLANG_WARN_ENUM_CONVERSION = YES;
				CLANG_WARN_INFINITE_RECURSION = YES;
				CLANG_WARN_INT_CONVERSION = YES;
				CLANG_WARN_NON_LITERAL_NULL_CONVERSION = YES;
				CLANG_WARN_OBJC_IMPLICIT_RETAIN_SELF = YES;
				CLANG_WARN_OBJC_LITERAL_CONVERSION = YES;
				CLANG_WARN_OBJC_ROOT_CLASS = YES_ERROR;
				CLANG_WARN_QUOTED_INCLUDE_IN_FRAMEWORK_HEADER = YES;
				CLANG_WARN_RANGE_LOOP_ANALYSIS = YES;
				CLANG_WARN_STRICT_PROTOTYPES = YES;
				CLANG_WARN_SUSPICIOUS_MOVE = YES;
				CLANG_WARN_UNGUARDED_AVAILABILITY = YES_AGGRESSIVE;
				CLANG_WARN_UNREACHABLE_CODE = YES;
				CLANG_WARN__DUPLICATE_METHOD_MATCH = YES;
				COPY_PHASE_STRIP = NO;
				DEBUG_INFORMATION_FORMAT = "dwarf-with-dsym";
				ENABLE_NS_ASSERTIONS = NO;
				ENABLE_STRICT_OBJC_MSGSEND = YES;
				ENABLE_USER_SCRIPT_SANDBOXING = YES;
				GCC_C_LANGUAGE_STANDARD = gnu17;
				GCC_NO_COMMON_BLOCKS = YES;
				GCC_WARN_64_TO_32_BIT_CONVERSION = YES;
				GCC_WARN_ABOUT_RETURN_TYPE = YES_ERROR;
				GCC_WARN_UNDECLARED_SELECTOR = YES;
				GCC_WARN_UNINITIALIZED_AUTOS = YES_AGGRESSIVE;
				GCC_WARN_UNUSED_FUNCTION = YES;
				GCC_WARN_UNUSED_VARIABLE = YES;
				IPHONEOS_DEPLOYMENT_TARGET = 17.2;
				LOCALIZATION_PREFERS_STRING_CATALOGS = YES;
				MTL_ENABLE_DEBUG_INFO = NO;
				MTL_FAST_MATH = YES;
				SDKROOT = iphoneos;
				SWIFT_COMPILATION_MODE = wholemodule;
				VALIDATE_PRODUCT = YES;
			};
			name = Release;
		};
		D2E7B6FD2B95759800D2AFCD /* Debug */ = {
			isa = XCBuildConfiguration;
			buildSettings = {
				ASSETCATALOG_COMPILER_APPICON_NAME = AppIcon;
				ASSETCATALOG_COMPILER_GLOBAL_ACCENT_COLOR_NAME = AccentColor;
				CODE_SIGN_STYLE = Automatic;
				CURRENT_PROJECT_VERSION = 1;
				DEVELOPMENT_ASSET_PATHS = "\"SwiftTodoapp02/Preview Content\"";
				ENABLE_PREVIEWS = YES;
				GENERATE_INFOPLIST_FILE = YES;
				INFOPLIST_KEY_UIApplicationSceneManifest_Generation = YES;
				INFOPLIST_KEY_UIApplicationSupportsIndirectInputEvents = YES;
				INFOPLIST_KEY_UILaunchScreen_Generation = YES;
				INFOPLIST_KEY_UISupportedInterfaceOrientations_iPad = "UIInterfaceOrientationPortrait UIInterfaceOrientationPortraitUpsideDown UIInterfaceOrientationLandscapeLeft UIInterfaceOrientationLandscapeRight";
				INFOPLIST_KEY_UISupportedInterfaceOrientations_iPhone = "UIInterfaceOrientationPortrait UIInterfaceOrientationLandscapeLeft UIInterfaceOrientationLandscapeRight";
				LD_RUNPATH_SEARCH_PATHS = (
					"$(inherited)",
					"@executable_path/Frameworks",
				);
				MARKETING_VERSION = 1.0;
				PRODUCT_BUNDLE_IDENTIFIER = Springfruits.SwiftTodoapp02;
				PRODUCT_NAME = "$(TARGET_NAME)";
				SWIFT_EMIT_LOC_STRINGS = YES;
				SWIFT_VERSION = 5.0;
				TARGETED_DEVICE_FAMILY = "1,2";
			};
			name = Debug;
		};
		D2E7B6FE2B95759800D2AFCD /* Release */ = {
			isa = XCBuildConfiguration;
			buildSettings = {
				ASSETCATALOG_COMPILER_APPICON_NAME = AppIcon;
				ASSETCATALOG_COMPILER_GLOBAL_ACCENT_COLOR_NAME = AccentColor;
				CODE_SIGN_STYLE = Automatic;
				CURRENT_PROJECT_VERSION = 1;
				DEVELOPMENT_ASSET_PATHS = "\"SwiftTodoapp02/Preview Content\"";
				ENABLE_PREVIEWS = YES;
				GENERATE_INFOPLIST_FILE = YES;
				INFOPLIST_KEY_UIApplicationSceneManifest_Generation = YES;
				INFOPLIST_KEY_UIApplicationSupportsIndirectInputEvents = YES;
				INFOPLIST_KEY_UILaunchScreen_Generation = YES;
				INFOPLIST_KEY_UISupportedInterfaceOrientations_iPad = "UIInterfaceOrientationPortrait UIInterfaceOrientationPortraitUpsideDown UIInterfaceOrientationLandscapeLeft UIInterfaceOrientationLandscapeRight";
				INFOPLIST_KEY_UISupportedInterfaceOrientations_iPhone = "UIInterfaceOrientationPortrait UIInterfaceOrientationLandscapeLeft UIInterfaceOrientationLandscapeRight";
				LD_RUNPATH_SEARCH_PATHS = (
					"$(inherited)",
					"@executable_path/Frameworks",
				);
				MARKETING_VERSION = 1.0;
				PRODUCT_BUNDLE_IDENTIFIER = Springfruits.SwiftTodoapp02;
				PRODUCT_NAME = "$(TARGET_NAME)";
				SWIFT_EMIT_LOC_STRINGS = YES;
				SWIFT_VERSION = 5.0;
				TARGETED_DEVICE_FAMILY = "1,2";
			};
			name = Release;
		};
		D2E7B7002B95759800D2AFCD /* Debug */ = {
			isa = XCBuildConfiguration;
			buildSettings = {
				ALWAYS_EMBED_SWIFT_STANDARD_LIBRARIES = YES;
				BUNDLE_LOADER = "$(TEST_HOST)";
				CODE_SIGN_STYLE = Automatic;
				CURRENT_PROJECT_VERSION = 1;
				GENERATE_INFOPLIST_FILE = YES;
				IPHONEOS_DEPLOYMENT_TARGET = 17.2;
				MARKETING_VERSION = 1.0;
				PRODUCT_BUNDLE_IDENTIFIER = Springfruits.SwiftTodoapp02Tests;
				PRODUCT_NAME = "$(TARGET_NAME)";
				SWIFT_EMIT_LOC_STRINGS = NO;
				SWIFT_VERSION = 5.0;
				TARGETED_DEVICE_FAMILY = "1,2";
				TEST_HOST = "$(BUILT_PRODUCTS_DIR)/SwiftTodoapp02.app/$(BUNDLE_EXECUTABLE_FOLDER_PATH)/SwiftTodoapp02";
			};
			name = Debug;
		};
		D2E7B7012B95759800D2AFCD /* Release */ = {
			isa = XCBuildConfiguration;
			buildSettings = {
				ALWAYS_EMBED_SWIFT_STANDARD_LIBRARIES = YES;
				BUNDLE_LOADER = "$(TEST_HOST)";
				CODE_SIGN_STYLE = Automatic;
				CURRENT_PROJECT_VERSION = 1;
				GENERATE_INFOPLIST_FILE = YES;
				IPHONEOS_DEPLOYMENT_TARGET = 17.2;
				MARKETING_VERSION = 1.0;
				PRODUCT_BUNDLE_IDENTIFIER = Springfruits.SwiftTodoapp02Tests;
				PRODUCT_NAME = "$(TARGET_NAME)";
				SWIFT_EMIT_LOC_STRINGS = NO;
				SWIFT_VERSION = 5.0;
				TARGETED_DEVICE_FAMILY = "1,2";
				TEST_HOST = "$(BUILT_PRODUCTS_DIR)/SwiftTodoapp02.app/$(BUNDLE_EXECUTABLE_FOLDER_PATH)/SwiftTodoapp02";
			};
			name = Release;
		};
		D2E7B7032B95759800D2AFCD /* Debug */ = {
			isa = XCBuildConfiguration;
			buildSettings = {
				ALWAYS_EMBED_SWIFT_STANDARD_LIBRARIES = YES;
				CODE_SIGN_STYLE = Automatic;
				CURRENT_PROJECT_VERSION = 1;
				GENERATE_INFOPLIST_FILE = YES;
				MARKETING_VERSION = 1.0;
				PRODUCT_BUNDLE_IDENTIFIER = Springfruits.SwiftTodoapp02UITests;
				PRODUCT_NAME = "$(TARGET_NAME)";
				SWIFT_EMIT_LOC_STRINGS = NO;
				SWIFT_VERSION = 5.0;
				TARGETED_DEVICE_FAMILY = "1,2";
				TEST_TARGET_NAME = SwiftTodoapp02;
			};
			name = Debug;
		};
		D2E7B7042B95759800D2AFCD /* Release */ = {
			isa = XCBuildConfiguration;
			buildSettings = {
				ALWAYS_EMBED_SWIFT_STANDARD_LIBRARIES = YES;
				CODE_SIGN_STYLE = Automatic;
				CURRENT_PROJECT_VERSION = 1;
				GENERATE_INFOPLIST_FILE = YES;
				MARKETING_VERSION = 1.0;
				PRODUCT_BUNDLE_IDENTIFIER = Springfruits.SwiftTodoapp02UITests;
				PRODUCT_NAME = "$(TARGET_NAME)";
				SWIFT_EMIT_LOC_STRINGS = NO;
				SWIFT_VERSION = 5.0;
				TARGETED_DEVICE_FAMILY = "1,2";
				TEST_TARGET_NAME = SwiftTodoapp02;
			};
			name = Release;
		};
/* End XCBuildConfiguration section */

/* Begin XCConfigurationList section */
		D2E7B6D32B95759500D2AFCD /* Build configuration list for PBXProject "SwiftTodoapp02" */ = {
			isa = XCConfigurationList;
			buildConfigurations = (
				D2E7B6FA2B95759800D2AFCD /* Debug */,
				D2E7B6FB2B95759800D2AFCD /* Release */,
			);
			defaultConfigurationIsVisible = 0;
			defaultConfigurationName = Release;
		};
		D2E7B6FC2B95759800D2AFCD /* Build configuration list for PBXNativeTarget "SwiftTodoapp02" */ = {
			isa = XCConfigurationList;
			buildConfigurations = (
				D2E7B6FD2B95759800D2AFCD /* Debug */,
				D2E7B6FE2B95759800D2AFCD /* Release */,
			);
			defaultConfigurationIsVisible = 0;
			defaultConfigurationName = Release;
		};
		D2E7B6FF2B95759800D2AFCD /* Build configuration list for PBXNativeTarget "SwiftTodoapp02Tests" */ = {
			isa = XCConfigurationList;
			buildConfigurations = (
				D2E7B7002B95759800D2AFCD /* Debug */,
				D2E7B7012B95759800D2AFCD /* Release */,
			);
			defaultConfigurationIsVisible = 0;
			defaultConfigurationName = Release;
		};
		D2E7B7022B95759800D2AFCD /* Build configuration list for PBXNativeTarget "SwiftTodoapp02UITests" */ = {
			isa = XCConfigurationList;
			buildConfigurations = (
				D2E7B7032B95759800D2AFCD /* Debug */,
				D2E7B7042B95759800D2AFCD /* Release */,
			);
			defaultConfigurationIsVisible = 0;
			defaultConfigurationName = Release;
		};
/* End XCConfigurationList section */
	};
	rootObject = D2E7B6D02B95759500D2AFCD /* Project object */;
}
